
Microsoft Visual Studio Solution File, Format Version 12.00
# Visual Studio Version 16
VisualStudioVersion = 16.0.31321.278
MinimumVisualStudioVersion = 10.0.40219.1
Project("{9A19103F-16F7-4668-BE54-9A1E7A4F7556}") = "RAWebAPI", "RAWebAPI.csproj", "{0BDB2773-1B6C-41B1-90A9-A0DD006D4911}"
EndProject
Project("{E53339B2-1760-4266-BCC7-CA923CBCF16C}") = "docker-compose", "docker-compose.dcproj", "{539B8100-F0B2-4EEB-9C9A-930B7EEA7C67}"
EndProject
Global
	GlobalSection(SolutionConfigurationPlatforms) = preSolution
		Debug|Any CPU = Debug|Any CPU
		Release|Any CPU = Release|Any CPU
	EndGlobalSection
	GlobalSection(ProjectConfigurationPlatforms) = postSolution
		{0BDB2773-1B6C-41B1-90A9-A0DD006D4911}.Debug|Any CPU.ActiveCfg = Debug|Any CPU
		{0BDB2773-1B6C-41B1-90A9-A0DD006D4911}.Debug|Any CPU.Build.0 = Debug|Any CPU
		{0BDB2773-1B6C-41B1-90A9-A0DD006D4911}.Release|Any CPU.ActiveCfg = Release|Any CPU
		{0BDB2773-1B6C-41B1-90A9-A0DD006D4911}.Release|Any CPU.Build.0 = Release|Any CPU
		{539B8100-F0B2-4EEB-9C9A-930B7EEA7C67}.Debug|Any CPU.ActiveCfg = Debug|Any CPU
		{539B8100-F0B2-4EEB-9C9A-930B7EEA7C67}.Debug|Any CPU.Build.0 = Debug|Any CPU
		{539B8100-F0B2-4EEB-9C9A-930B7EEA7C67}.Release|Any CPU.ActiveCfg = Release|Any CPU
		{539B8100-F0B2-4EEB-9C9A-930B7EEA7C67}.Release|Any CPU.Build.0 = Release|Any CPU
	EndGlobalSection
	GlobalSection(SolutionProperties) = preSolution
		HideSolutionNode = FALSE
	EndGlobalSection
	GlobalSection(ExtensibilityGlobals) = postSolution
		SolutionGuid = {84A7B521-79D0-44A7-8940-2528724E74D0}
	EndGlobalSection
EndGlobal
